// !$*UTF8*$!
{
	archiveVersion = 1;
	classes = {
	};
	objectVersion = 46;
	objects = {

/* Begin PBXBuildFile section */
		D76179C116E09A42006B9A36 /* MainStoryboard_iPhone.storyboard in Resources */ = {isa = PBXBuildFile; fileRef = D77914B016DE306E0082B672 /* MainStoryboard_iPhone.storyboard */; };
		D779149916DE306E0082B672 /* UIKit.framework in Frameworks */ = {isa = PBXBuildFile; fileRef = D779149816DE306E0082B672 /* UIKit.framework */; };
		D779149B16DE306E0082B672 /* Foundation.framework in Frameworks */ = {isa = PBXBuildFile; fileRef = D779149A16DE306E0082B672 /* Foundation.framework */; };
		D779149D16DE306E0082B672 /* CoreGraphics.framework in Frameworks */ = {isa = PBXBuildFile; fileRef = D779149C16DE306E0082B672 /* CoreGraphics.framework */; };
		D77914A316DE306E0082B672 /* InfoPlist.strings in Resources */ = {isa = PBXBuildFile; fileRef = D77914A116DE306E0082B672 /* InfoPlist.strings */; };
		D77914A516DE306E0082B672 /* main.m in Sources */ = {isa = PBXBuildFile; fileRef = D77914A416DE306E0082B672 /* main.m */; };
		D77914A916DE306E0082B672 /* AppDelegate.m in Sources */ = {isa = PBXBuildFile; fileRef = D77914A816DE306E0082B672 /* AppDelegate.m */; };
		D77914AB16DE306E0082B672 /* Default.png in Resources */ = {isa = PBXBuildFile; fileRef = D77914AA16DE306E0082B672 /* Default.png */; };
		D77914AD16DE306E0082B672 /* Default@2x.png in Resources */ = {isa = PBXBuildFile; fileRef = D77914AC16DE306E0082B672 /* Default@2x.png */; };
		D77914AF16DE306E0082B672 /* Default-568h@2x.png in Resources */ = {isa = PBXBuildFile; fileRef = D77914AE16DE306E0082B672 /* Default-568h@2x.png */; };
		D77914B216DE306E0082B672 /* MainStoryboard_iPhone.storyboard in Resources */ = {isa = PBXBuildFile; fileRef = D77914B016DE306E0082B672 /* MainStoryboard_iPhone.storyboard */; };
		D77914B516DE306E0082B672 /* MainStoryboard_iPad.storyboard in Resources */ = {isa = PBXBuildFile; fileRef = D77914B316DE306E0082B672 /* MainStoryboard_iPad.storyboard */; };
		D77914B816DE306E0082B672 /* ViewController.mm in Sources */ = {isa = PBXBuildFile; fileRef = D77914B716DE306E0082B672 /* ViewController.mm */; };
		D77914C016DE306E0082B672 /* SenTestingKit.framework in Frameworks */ = {isa = PBXBuildFile; fileRef = D77914BF16DE306E0082B672 /* SenTestingKit.framework */; };
		D77914C116DE306E0082B672 /* UIKit.framework in Frameworks */ = {isa = PBXBuildFile; fileRef = D779149816DE306E0082B672 /* UIKit.framework */; };
		D77914C216DE306E0082B672 /* Foundation.framework in Frameworks */ = {isa = PBXBuildFile; fileRef = D779149A16DE306E0082B672 /* Foundation.framework */; };
		D77914CA16DE306E0082B672 /* InfoPlist.strings in Resources */ = {isa = PBXBuildFile; fileRef = D77914C816DE306E0082B672 /* InfoPlist.strings */; };
		D77914CD16DE306E0082B672 /* Prototype1Tests.mm in Sources */ = {isa = PBXBuildFile; fileRef = D77914CC16DE306E0082B672 /* Prototype1Tests.mm */; };
		D77914DD16DE37850082B672 /* NativeTransform.m in Sources */ = {isa = PBXBuildFile; fileRef = D77914DC16DE37850082B672 /* NativeTransform.m */; };
		D77914E016DE41970082B672 /* CppTransform.cpp in Sources */ = {isa = PBXBuildFile; fileRef = D77914DE16DE41970082B672 /* CppTransform.cpp */; };
		D7A7076F16DF883F00FF9A3C /* arrow.png in Resources */ = {isa = PBXBuildFile; fileRef = D7A7076D16DF883F00FF9A3C /* arrow.png */; };
		D7A7077016DF883F00FF9A3C /* prototype1_bg.png in Resources */ = {isa = PBXBuildFile; fileRef = D7A7076E16DF883F00FF9A3C /* prototype1_bg.png */; };
		D7D72A4916E603C40075DEA2 /* nib.xib in Resources */ = {isa = PBXBuildFile; fileRef = D7D72A4816E603C40075DEA2 /* nib.xib */; };
/* End PBXBuildFile section */

/* Begin PBXContainerItemProxy section */
		D77914C316DE306E0082B672 /* PBXContainerItemProxy */ = {
			isa = PBXContainerItemProxy;
			containerPortal = D779148D16DE306E0082B672 /* Project object */;
			proxyType = 1;
			remoteGlobalIDString = D779149416DE306E0082B672;
			remoteInfo = Prototype1;
		};
/* End PBXContainerItemProxy section */

/* Begin PBXFileReference section */
		D779149516DE306E0082B672 /* Prototype1.app */ = {isa = PBXFileReference; explicitFileType = wrapper.application; includeInIndex = 0; path = Prototype1.app; sourceTree = BUILT_PRODUCTS_DIR; };
		D779149816DE306E0082B672 /* UIKit.framework */ = {isa = PBXFileReference; lastKnownFileType = wrapper.framework; name = UIKit.framework; path = System/Library/Frameworks/UIKit.framework; sourceTree = SDKROOT; };
		D779149A16DE306E0082B672 /* Foundation.framework */ = {isa = PBXFileReference; lastKnownFileType = wrapper.framework; name = Foundation.framework; path = System/Library/Frameworks/Foundation.framework; sourceTree = SDKROOT; };
		D779149C16DE306E0082B672 /* CoreGraphics.framework */ = {isa = PBXFileReference; lastKnownFileType = wrapper.framework; name = CoreGraphics.framework; path = System/Library/Frameworks/CoreGraphics.framework; sourceTree = SDKROOT; };
		D77914A016DE306E0082B672 /* Prototype1-Info.plist */ = {isa = PBXFileReference; lastKnownFileType = text.plist.xml; path = "Prototype1-Info.plist"; sourceTree = "<group>"; };
		D77914A216DE306E0082B672 /* en */ = {isa = PBXFileReference; lastKnownFileType = text.plist.strings; name = en; path = en.lproj/InfoPlist.strings; sourceTree = "<group>"; };
		D77914A416DE306E0082B672 /* main.m */ = {isa = PBXFileReference; lastKnownFileType = sourcecode.c.objc; path = main.m; sourceTree = "<group>"; };
		D77914A616DE306E0082B672 /* Prototype1-Prefix.pch */ = {isa = PBXFileReference; lastKnownFileType = sourcecode.c.h; path = "Prototype1-Prefix.pch"; sourceTree = "<group>"; };
		D77914A716DE306E0082B672 /* AppDelegate.h */ = {isa = PBXFileReference; lastKnownFileType = sourcecode.c.h; path = AppDelegate.h; sourceTree = "<group>"; };
		D77914A816DE306E0082B672 /* AppDelegate.m */ = {isa = PBXFileReference; lastKnownFileType = sourcecode.c.objc; path = AppDelegate.m; sourceTree = "<group>"; };
		D77914AA16DE306E0082B672 /* Default.png */ = {isa = PBXFileReference; lastKnownFileType = image.png; path = Default.png; sourceTree = "<group>"; };
		D77914AC16DE306E0082B672 /* Default@2x.png */ = {isa = PBXFileReference; lastKnownFileType = image.png; path = "Default@2x.png"; sourceTree = "<group>"; };
		D77914AE16DE306E0082B672 /* Default-568h@2x.png */ = {isa = PBXFileReference; lastKnownFileType = image.png; path = "Default-568h@2x.png"; sourceTree = "<group>"; };
		D77914B116DE306E0082B672 /* en */ = {isa = PBXFileReference; lastKnownFileType = file.storyboard; name = en; path = en.lproj/MainStoryboard_iPhone.storyboard; sourceTree = "<group>"; };
		D77914B416DE306E0082B672 /* en */ = {isa = PBXFileReference; lastKnownFileType = file.storyboard; name = en; path = en.lproj/MainStoryboard_iPad.storyboard; sourceTree = "<group>"; };
		D77914B616DE306E0082B672 /* ViewController.h */ = {isa = PBXFileReference; lastKnownFileType = sourcecode.c.h; path = ViewController.h; sourceTree = "<group>"; };
		D77914B716DE306E0082B672 /* ViewController.mm */ = {isa = PBXFileReference; lastKnownFileType = sourcecode.cpp.objcpp; path = ViewController.mm; sourceTree = "<group>"; };
		D77914BE16DE306E0082B672 /* Prototype1Tests.octest */ = {isa = PBXFileReference; explicitFileType = wrapper.cfbundle; includeInIndex = 0; path = Prototype1Tests.octest; sourceTree = BUILT_PRODUCTS_DIR; };
		D77914BF16DE306E0082B672 /* SenTestingKit.framework */ = {isa = PBXFileReference; lastKnownFileType = wrapper.framework; name = SenTestingKit.framework; path = Library/Frameworks/SenTestingKit.framework; sourceTree = DEVELOPER_DIR; };
		D77914C716DE306E0082B672 /* Prototype1Tests-Info.plist */ = {isa = PBXFileReference; lastKnownFileType = text.plist.xml; path = "Prototype1Tests-Info.plist"; sourceTree = "<group>"; };
		D77914C916DE306E0082B672 /* en */ = {isa = PBXFileReference; lastKnownFileType = text.plist.strings; name = en; path = en.lproj/InfoPlist.strings; sourceTree = "<group>"; };
		D77914CB16DE306E0082B672 /* Prototype1Tests.h */ = {isa = PBXFileReference; lastKnownFileType = sourcecode.c.h; path = Prototype1Tests.h; sourceTree = "<group>"; };
		D77914CC16DE306E0082B672 /* Prototype1Tests.mm */ = {isa = PBXFileReference; lastKnownFileType = sourcecode.cpp.objcpp; path = Prototype1Tests.mm; sourceTree = "<group>"; };
		D77914DB16DE37850082B672 /* NativeTransform.h */ = {isa = PBXFileReference; fileEncoding = 4; lastKnownFileType = sourcecode.c.h; path = NativeTransform.h; sourceTree = "<group>"; };
		D77914DC16DE37850082B672 /* NativeTransform.m */ = {isa = PBXFileReference; fileEncoding = 4; lastKnownFileType = sourcecode.c.objc; path = NativeTransform.m; sourceTree = "<group>"; };
		D77914DE16DE41970082B672 /* CppTransform.cpp */ = {isa = PBXFileReference; fileEncoding = 4; lastKnownFileType = sourcecode.cpp.cpp; path = CppTransform.cpp; sourceTree = "<group>"; };
		D77914DF16DE41970082B672 /* CppTransform.h */ = {isa = PBXFileReference; fileEncoding = 4; lastKnownFileType = sourcecode.c.h; path = CppTransform.h; sourceTree = "<group>"; };
		D7A7076D16DF883F00FF9A3C /* arrow.png */ = {isa = PBXFileReference; lastKnownFileType = image.png; path = arrow.png; sourceTree = "<group>"; };
		D7A7076E16DF883F00FF9A3C /* prototype1_bg.png */ = {isa = PBXFileReference; lastKnownFileType = image.png; path = prototype1_bg.png; sourceTree = "<group>"; };
		D7D72A4816E603C40075DEA2 /* nib.xib */ = {isa = PBXFileReference; fileEncoding = 4; lastKnownFileType = file.xib; path = nib.xib; sourceTree = "<group>"; };
/* End PBXFileReference section */

/* Begin PBXFrameworksBuildPhase section */
		D779149216DE306E0082B672 /* Frameworks */ = {
			isa = PBXFrameworksBuildPhase;
			buildActionMask = 2147483647;
			files = (
				D779149916DE306E0082B672 /* UIKit.framework in Frameworks */,
				D779149B16DE306E0082B672 /* Foundation.framework in Frameworks */,
				D779149D16DE306E0082B672 /* CoreGraphics.framework in Frameworks */,
			);
			runOnlyForDeploymentPostprocessing = 0;
		};
		D77914BA16DE306E0082B672 /* Frameworks */ = {
			isa = PBXFrameworksBuildPhase;
			buildActionMask = 2147483647;
			files = (
				D77914C016DE306E0082B672 /* SenTestingKit.framework in Frameworks */,
				D77914C116DE306E0082B672 /* UIKit.framework in Frameworks */,
				D77914C216DE306E0082B672 /* Foundation.framework in Frameworks */,
			);
			runOnlyForDeploymentPostprocessing = 0;
		};
/* End PBXFrameworksBuildPhase section */

/* Begin PBXGroup section */
		D779148C16DE306E0082B672 = {
			isa = PBXGroup;
			children = (
				D779149E16DE306E0082B672 /* Prototype1 */,
				D77914C516DE306E0082B672 /* Prototype1Tests */,
				D779149716DE306E0082B672 /* Frameworks */,
				D779149616DE306E0082B672 /* Products */,
			);
			sourceTree = "<group>";
		};
		D779149616DE306E0082B672 /* Products */ = {
			isa = PBXGroup;
			children = (
				D779149516DE306E0082B672 /* Prototype1.app */,
				D77914BE16DE306E0082B672 /* Prototype1Tests.octest */,
			);
			name = Products;
			sourceTree = "<group>";
		};
		D779149716DE306E0082B672 /* Frameworks */ = {
			isa = PBXGroup;
			children = (
				D779149816DE306E0082B672 /* UIKit.framework */,
				D779149A16DE306E0082B672 /* Foundation.framework */,
				D779149C16DE306E0082B672 /* CoreGraphics.framework */,
				D77914BF16DE306E0082B672 /* SenTestingKit.framework */,
			);
			name = Frameworks;
			sourceTree = "<group>";
		};
		D779149E16DE306E0082B672 /* Prototype1 */ = {
			isa = PBXGroup;
			children = (
				D77914D816DE33DD0082B672 /* res */,
				D77914A716DE306E0082B672 /* AppDelegate.h */,
				D77914A816DE306E0082B672 /* AppDelegate.m */,
				D77914B016DE306E0082B672 /* MainStoryboard_iPhone.storyboard */,
				D7D72A4816E603C40075DEA2 /* nib.xib */,
				D77914B316DE306E0082B672 /* MainStoryboard_iPad.storyboard */,
				D77914B616DE306E0082B672 /* ViewController.h */,
				D77914B716DE306E0082B672 /* ViewController.mm */,
				D77914DB16DE37850082B672 /* NativeTransform.h */,
				D77914DE16DE41970082B672 /* CppTransform.cpp */,
				D77914DF16DE41970082B672 /* CppTransform.h */,
				D77914DC16DE37850082B672 /* NativeTransform.m */,
				D779149F16DE306E0082B672 /* Supporting Files */,
			);
			path = Prototype1;
			sourceTree = "<group>";
		};
		D779149F16DE306E0082B672 /* Supporting Files */ = {
			isa = PBXGroup;
			children = (
				D77914A016DE306E0082B672 /* Prototype1-Info.plist */,
				D77914A116DE306E0082B672 /* InfoPlist.strings */,
				D77914A416DE306E0082B672 /* main.m */,
				D77914A616DE306E0082B672 /* Prototype1-Prefix.pch */,
				D77914AA16DE306E0082B672 /* Default.png */,
				D77914AC16DE306E0082B672 /* Default@2x.png */,
				D77914AE16DE306E0082B672 /* Default-568h@2x.png */,
			);
			name = "Supporting Files";
			sourceTree = "<group>";
		};
		D77914C516DE306E0082B672 /* Prototype1Tests */ = {
			isa = PBXGroup;
			children = (
				D77914CB16DE306E0082B672 /* Prototype1Tests.h */,
				D77914CC16DE306E0082B672 /* Prototype1Tests.mm */,
				D77914C616DE306E0082B672 /* Supporting Files */,
			);
			path = Prototype1Tests;
			sourceTree = "<group>";
		};
		D77914C616DE306E0082B672 /* Supporting Files */ = {
			isa = PBXGroup;
			children = (
				D77914C716DE306E0082B672 /* Prototype1Tests-Info.plist */,
				D77914C816DE306E0082B672 /* InfoPlist.strings */,
			);
			name = "Supporting Files";
			sourceTree = "<group>";
		};
		D77914D816DE33DD0082B672 /* res */ = {
			isa = PBXGroup;
			children = (
				D7A7076D16DF883F00FF9A3C /* arrow.png */,
				D7A7076E16DF883F00FF9A3C /* prototype1_bg.png */,
			);
			name = res;
			sourceTree = "<group>";
		};
/* End PBXGroup section */

/* Begin PBXNativeTarget section */
		D779149416DE306E0082B672 /* Prototype1 */ = {
			isa = PBXNativeTarget;
			buildConfigurationList = D77914D016DE306E0082B672 /* Build configuration list for PBXNativeTarget "Prototype1" */;
			buildPhases = (
				D779149116DE306E0082B672 /* Sources */,
				D779149216DE306E0082B672 /* Frameworks */,
				D779149316DE306E0082B672 /* Resources */,
			);
			buildRules = (
			);
			dependencies = (
			);
			name = Prototype1;
			productName = Prototype1;
			productReference = D779149516DE306E0082B672 /* Prototype1.app */;
			productType = "com.apple.product-type.application";
		};
		D77914BD16DE306E0082B672 /* Prototype1Tests */ = {
			isa = PBXNativeTarget;
			buildConfigurationList = D77914D316DE306E0082B672 /* Build configuration list for PBXNativeTarget "Prototype1Tests" */;
			buildPhases = (
				D77914B916DE306E0082B672 /* Sources */,
				D77914BA16DE306E0082B672 /* Frameworks */,
				D77914BB16DE306E0082B672 /* Resources */,
				D77914BC16DE306E0082B672 /* ShellScript */,
			);
			buildRules = (
			);
			dependencies = (
				D77914C416DE306E0082B672 /* PBXTargetDependency */,
			);
			name = Prototype1Tests;
			productName = Prototype1Tests;
			productReference = D77914BE16DE306E0082B672 /* Prototype1Tests.octest */;
			productType = "com.apple.product-type.bundle";
		};
/* End PBXNativeTarget section */

/* Begin PBXProject section */
		D779148D16DE306E0082B672 /* Project object */ = {
			isa = PBXProject;
			attributes = {
				LastUpgradeCheck = 0460;
				ORGANIZATIONNAME = Exjobb;
			};
			buildConfigurationList = D779149016DE306E0082B672 /* Build configuration list for PBXProject "Prototype1" */;
			compatibilityVersion = "Xcode 3.2";
			developmentRegion = English;
			hasScannedForEncodings = 0;
			knownRegions = (
				en,
			);
			mainGroup = D779148C16DE306E0082B672;
			productRefGroup = D779149616DE306E0082B672 /* Products */;
			projectDirPath = "";
			projectRoot = "";
			targets = (
				D779149416DE306E0082B672 /* Prototype1 */,
				D77914BD16DE306E0082B672 /* Prototype1Tests */,
			);
		};
/* End PBXProject section */

/* Begin PBXResourcesBuildPhase section */
		D779149316DE306E0082B672 /* Resources */ = {
			isa = PBXResourcesBuildPhase;
			buildActionMask = 2147483647;
			files = (
				D77914A316DE306E0082B672 /* InfoPlist.strings in Resources */,
				D77914AB16DE306E0082B672 /* Default.png in Resources */,
				D77914AD16DE306E0082B672 /* Default@2x.png in Resources */,
				D77914AF16DE306E0082B672 /* Default-568h@2x.png in Resources */,
				D77914B216DE306E0082B672 /* MainStoryboard_iPhone.storyboard in Resources */,
				D77914B516DE306E0082B672 /* MainStoryboard_iPad.storyboard in Resources */,
				D7A7076F16DF883F00FF9A3C /* arrow.png in Resources */,
				D7A7077016DF883F00FF9A3C /* prototype1_bg.png in Resources */,
				D7D72A4916E603C40075DEA2 /* nib.xib in Resources */,
			);
			runOnlyForDeploymentPostprocessing = 0;
		};
		D77914BB16DE306E0082B672 /* Resources */ = {
			isa = PBXResourcesBuildPhase;
			buildActionMask = 2147483647;
			files = (
				D77914CA16DE306E0082B672 /* InfoPlist.strings in Resources */,
				D76179C116E09A42006B9A36 /* MainStoryboard_iPhone.storyboard in Resources */,
			);
			runOnlyForDeploymentPostprocessing = 0;
		};
/* End PBXResourcesBuildPhase section */

/* Begin PBXShellScriptBuildPhase section */
		D77914BC16DE306E0082B672 /* ShellScript */ = {
			isa = PBXShellScriptBuildPhase;
			buildActionMask = 2147483647;
			files = (
			);
			inputPaths = (
			);
			outputPaths = (
			);
			runOnlyForDeploymentPostprocessing = 0;
			shellPath = /bin/sh;
			shellScript = "# Run the unit tests in this test bundle.\n\"${SYSTEM_DEVELOPER_DIR}/Tools/RunUnitTests\"\n";
		};
/* End PBXShellScriptBuildPhase section */

/* Begin PBXSourcesBuildPhase section */
		D779149116DE306E0082B672 /* Sources */ = {
			isa = PBXSourcesBuildPhase;
			buildActionMask = 2147483647;
			files = (
				D77914A516DE306E0082B672 /* main.m in Sources */,
				D77914A916DE306E0082B672 /* AppDelegate.m in Sources */,
				D77914B816DE306E0082B672 /* ViewController.mm in Sources */,
				D77914DD16DE37850082B672 /* NativeTransform.m in Sources */,
				D77914E016DE41970082B672 /* CppTransform.cpp in Sources */,
			);
			runOnlyForDeploymentPostprocessing = 0;
		};
		D77914B916DE306E0082B672 /* Sources */ = {
			isa = PBXSourcesBuildPhase;
			buildActionMask = 2147483647;
			files = (
				D77914CD16DE306E0082B672 /* Prototype1Tests.mm in Sources */,
			);
			runOnlyForDeploymentPostprocessing = 0;
		};
/* End PBXSourcesBuildPhase section */

/* Begin PBXTargetDependency section */
		D77914C416DE306E0082B672 /* PBXTargetDependency */ = {
			isa = PBXTargetDependency;
			target = D779149416DE306E0082B672 /* Prototype1 */;
			targetProxy = D77914C316DE306E0082B672 /* PBXContainerItemProxy */;
		};
/* End PBXTargetDependency section */

/* Begin PBXVariantGroup section */
		D77914A116DE306E0082B672 /* InfoPlist.strings */ = {
			isa = PBXVariantGroup;
			children = (
				D77914A216DE306E0082B672 /* en */,
			);
			name = InfoPlist.strings;
			sourceTree = "<group>";
		};
		D77914B016DE306E0082B672 /* MainStoryboard_iPhone.storyboard */ = {
			isa = PBXVariantGroup;
			children = (
				D77914B116DE306E0082B672 /* en */,
			);
			name = MainStoryboard_iPhone.storyboard;
			sourceTree = "<group>";
		};
		D77914B316DE306E0082B672 /* MainStoryboard_iPad.storyboard */ = {
			isa = PBXVariantGroup;
			children = (
				D77914B416DE306E0082B672 /* en */,
			);
			name = MainStoryboard_iPad.storyboard;
			sourceTree = "<group>";
		};
		D77914C816DE306E0082B672 /* InfoPlist.strings */ = {
			isa = PBXVariantGroup;
			children = (
				D77914C916DE306E0082B672 /* en */,
			);
			name = InfoPlist.strings;
			sourceTree = "<group>";
		};
/* End PBXVariantGroup section */

/* Begin XCBuildConfiguration section */
		D77914CE16DE306E0082B672 /* Debug */ = {
			isa = XCBuildConfiguration;
			buildSettings = {
				ALWAYS_SEARCH_USER_PATHS = NO;
				CLANG_CXX_LANGUAGE_STANDARD = "gnu++0x";
				CLANG_CXX_LIBRARY = "libc++";
				CLANG_ENABLE_OBJC_ARC = YES;
				CLANG_WARN_CONSTANT_CONVERSION = YES;
				CLANG_WARN_EMPTY_BODY = YES;
				CLANG_WARN_ENUM_CONVERSION = YES;
				CLANG_WARN_INT_CONVERSION = YES;
				CLANG_WARN__DUPLICATE_METHOD_MATCH = YES;
				"CODE_SIGN_IDENTITY[sdk=iphoneos*]" = "iPhone Developer";
				COPY_PHASE_STRIP = NO;
				GCC_C_LANGUAGE_STANDARD = gnu99;
				GCC_DYNAMIC_NO_PIC = NO;
				GCC_OPTIMIZATION_LEVEL = 0;
				GCC_PREPROCESSOR_DEFINITIONS = (
					"DEBUG=1",
					"$(inherited)",
				);
				GCC_SYMBOLS_PRIVATE_EXTERN = NO;
				GCC_WARN_ABOUT_RETURN_TYPE = YES;
				GCC_WARN_UNINITIALIZED_AUTOS = YES;
				GCC_WARN_UNUSED_VARIABLE = YES;
				IPHONEOS_DEPLOYMENT_TARGET = 6.1;
				ONLY_ACTIVE_ARCH = YES;
				SDKROOT = iphoneos;
				TARGETED_DEVICE_FAMILY = "1,2";
			};
			name = Debug;
		};
		D77914CF16DE306E0082B672 /* Release */ = {
			isa = XCBuildConfiguration;
			buildSettings = {
				ALWAYS_SEARCH_USER_PATHS = NO;
				CLANG_CXX_LANGUAGE_STANDARD = "gnu++0x";
				CLANG_CXX_LIBRARY = "libc++";
				CLANG_ENABLE_OBJC_ARC = YES;
				CLANG_WARN_CONSTANT_CONVERSION = YES;
				CLANG_WARN_EMPTY_BODY = YES;
				CLANG_WARN_ENUM_CONVERSION = YES;
				CLANG_WARN_INT_CONVERSION = YES;
				CLANG_WARN__DUPLICATE_METHOD_MATCH = YES;
				"CODE_SIGN_IDENTITY[sdk=iphoneos*]" = "iPhone Developer";
				COPY_PHASE_STRIP = YES;
				GCC_C_LANGUAGE_STANDARD = gnu99;
				GCC_WARN_ABOUT_RETURN_TYPE = YES;
				GCC_WARN_UNINITIALIZED_AUTOS = YES;
				GCC_WARN_UNUSED_VARIABLE = YES;
				IPHONEOS_DEPLOYMENT_TARGET = 6.1;
				OTHER_CFLAGS = "-DNS_BLOCK_ASSERTIONS=1";
				SDKROOT = iphoneos;
				TARGETED_DEVICE_FAMILY = "1,2";
				VALIDATE_PRODUCT = YES;
			};
			name = Release;
		};
		D77914D116DE306E0082B672 /* Debug */ = {
			isa = XCBuildConfiguration;
			buildSettings = {
				GCC_PRECOMPILE_PREFIX_HEADER = YES;
				GCC_PREFIX_HEADER = "Prototype1/Prototype1-Prefix.pch";
				INFOPLIST_FILE = "Prototype1/Prototype1-Info.plist";
				PRODUCT_NAME = "$(TARGET_NAME)";
				WRAPPER_EXTENSION = app;
			};
			name = Debug;
		};
		D77914D216DE306E0082B672 /* Release */ = {
			isa = XCBuildConfiguration;
			buildSettings = {
				GCC_PRECOMPILE_PREFIX_HEADER = YES;
				GCC_PREFIX_HEADER = "Prototype1/Prototype1-Prefix.pch";
				INFOPLIST_FILE = "Prototype1/Prototype1-Info.plist";
				PRODUCT_NAME = "$(TARGET_NAME)";
				WRAPPER_EXTENSION = app;
			};
			name = Release;
		};
		D77914D416DE306E0082B672 /* Debug */ = {
			isa = XCBuildConfiguration;
			buildSettings = {
				BUNDLE_LOADER = "$(BUILT_PRODUCTS_DIR)/Prototype1.app/Prototype1";
				FRAMEWORK_SEARCH_PATHS = (
					"\"$(SDKROOT)/Developer/Library/Frameworks\"",
					"\"$(DEVELOPER_LIBRARY_DIR)/Frameworks\"",
				);
				GCC_PRECOMPILE_PREFIX_HEADER = YES;
				GCC_PREFIX_HEADER = "Prototype1/Prototype1-Prefix.pch";
				INFOPLIST_FILE = "Prototype1Tests/Prototype1Tests-Info.plist";
				PRODUCT_NAME = "$(TARGET_NAME)";
				TEST_HOST = "$(BUNDLE_LOADER)";
				WRAPPER_EXTENSION = octest;
			};
			name = Debug;
		};
		D77914D516DE306E0082B672 /* Release */ = {
			isa = XCBuildConfiguration;
			buildSettings = {
				BUNDLE_LOADER = "$(BUILT_PRODUCTS_DIR)/Prototype1.app/Prototype1";
				FRAMEWORK_SEARCH_PATHS = (
					"\"$(SDKROOT)/Developer/Library/Frameworks\"",
					"\"$(DEVELOPER_LIBRARY_DIR)/Frameworks\"",
				);
				GCC_PRECOMPILE_PREFIX_HEADER = YES;
				GCC_PREFIX_HEADER = "Prototype1/Prototype1-Prefix.pch";
				INFOPLIST_FILE = "Prototype1Tests/Prototype1Tests-Info.plist";
				PRODUCT_NAME = "$(TARGET_NAME)";
				TEST_HOST = "$(BUNDLE_LOADER)";
				WRAPPER_EXTENSION = octest;
			};
			name = Release;
		};
/* End XCBuildConfiguration section */

/* Begin XCConfigurationList section */
		D779149016DE306E0082B672 /* Build configuration list for PBXProject "Prototype1" */ = {
			isa = XCConfigurationList;
			buildConfigurations = (
				D77914CE16DE306E0082B672 /* Debug */,
				D77914CF16DE306E0082B672 /* Release */,
			);
			defaultConfigurationIsVisible = 0;
			defaultConfigurationName = Release;
		};
		D77914D016DE306E0082B672 /* Build configuration list for PBXNativeTarget "Prototype1" */ = {
			isa = XCConfigurationList;
			buildConfigurations = (
				D77914D116DE306E0082B672 /* Debug */,
				D77914D216DE306E0082B672 /* Release */,
			);
			defaultConfigurationIsVisible = 0;
			defaultConfigurationName = Release;
		};
		D77914D316DE306E0082B672 /* Build configuration list for PBXNativeTarget "Prototype1Tests" */ = {
			isa = XCConfigurationList;
			buildConfigurations = (
				D77914D416DE306E0082B672 /* Debug */,
				D77914D516DE306E0082B672 /* Release */,
			);
			defaultConfigurationIsVisible = 0;
			defaultConfigurationName = Release;
		};
/* End XCConfigurationList section */
	};
	rootObject = D779148D16DE306E0082B672 /* Project object */;
}
